
Microsoft Visual Studio Solution File, Format Version 12.00
# Visual Studio 14
VisualStudioVersion = 14.0.25420.1
MinimumVisualStudioVersion = 10.0.40219.1
Project("{FAE04EC0-301F-11D3-BF4B-00C04F79EFBC}") = "EventOneTask", "EventOneTask\EventOneTask.csproj", "{BB12B301-6162-496C-86C1-15235A332DEB}"
EndProject
Project("{FAE04EC0-301F-11D3-BF4B-00C04F79EFBC}") = "BackgroundWorker", "BackgroundWorker\BackgroundWorker.csproj", "{0E9C1B08-A5B2-4BA6-8FCF-E3E0457ECBC8}"
EndProject
Project("{FAE04EC0-301F-11D3-BF4B-00C04F79EFBC}") = "GitTest", "GitTest\GitTest.csproj", "{51BF35DD-A710-4CCA-AD19-DCCBEB07E748}"
EndProject
Global
	GlobalSection(SolutionConfigurationPlatforms) = preSolution
		Debug|Any CPU = Debug|Any CPU
		Release|Any CPU = Release|Any CPU
	EndGlobalSection
	GlobalSection(ProjectConfigurationPlatforms) = postSolution
		{BB12B301-6162-496C-86C1-15235A332DEB}.Debug|Any CPU.ActiveCfg = Debug|Any CPU
		{BB12B301-6162-496C-86C1-15235A332DEB}.Debug|Any CPU.Build.0 = Debug|Any CPU
		{BB12B301-6162-496C-86C1-15235A332DEB}.Release|Any CPU.ActiveCfg = Release|Any CPU
		{BB12B301-6162-496C-86C1-15235A332DEB}.Release|Any CPU.Build.0 = Release|Any CPU
		{0E9C1B08-A5B2-4BA6-8FCF-E3E0457ECBC8}.Debug|Any CPU.ActiveCfg = Debug|Any CPU
		{0E9C1B08-A5B2-4BA6-8FCF-E3E0457ECBC8}.Debug|Any CPU.Build.0 = Debug|Any CPU
		{0E9C1B08-A5B2-4BA6-8FCF-E3E0457ECBC8}.Release|Any CPU.ActiveCfg = Release|Any CPU
		{0E9C1B08-A5B2-4BA6-8FCF-E3E0457ECBC8}.Release|Any CPU.Build.0 = Release|Any CPU
		{51BF35DD-A710-4CCA-AD19-DCCBEB07E748}.Debug|Any CPU.ActiveCfg = Debug|Any CPU
		{51BF35DD-A710-4CCA-AD19-DCCBEB07E748}.Debug|Any CPU.Build.0 = Debug|Any CPU
		{51BF35DD-A710-4CCA-AD19-DCCBEB07E748}.Release|Any CPU.ActiveCfg = Release|Any CPU
		{51BF35DD-A710-4CCA-AD19-DCCBEB07E748}.Release|Any CPU.Build.0 = Release|Any CPU
	EndGlobalSection
	GlobalSection(SolutionProperties) = preSolution
		HideSolutionNode = FALSE
	EndGlobalSection
EndGlobal
